// !$*UTF8*$!
{
	archiveVersion = 1;
	classes = {
	};
	objectVersion = 55;
	objects = {

/* Begin PBXBuildFile section */
		98A43399277A8104003C80E4 /* BookwormApp.swift in Sources */ = {isa = PBXBuildFile; fileRef = 98A43398277A8104003C80E4 /* BookwormApp.swift */; };
		98A4339B277A8104003C80E4 /* ContentView.swift in Sources */ = {isa = PBXBuildFile; fileRef = 98A4339A277A8104003C80E4 /* ContentView.swift */; };
		98A4339D277A8106003C80E4 /* Assets.xcassets in Resources */ = {isa = PBXBuildFile; fileRef = 98A4339C277A8106003C80E4 /* Assets.xcassets */; };
		98A433A0277A8106003C80E4 /* Preview Assets.xcassets in Resources */ = {isa = PBXBuildFile; fileRef = 98A4339F277A8106003C80E4 /* Preview Assets.xcassets */; };
		98A433A7277ABB81003C80E4 /* BindingVeiw.swift in Sources */ = {isa = PBXBuildFile; fileRef = 98A433A6277ABB81003C80E4 /* BindingVeiw.swift */; };
		98A433AA277ABD32003C80E4 /* MultiLineView.swift in Sources */ = {isa = PBXBuildFile; fileRef = 98A433A9277ABD32003C80E4 /* MultiLineView.swift */; };
		98A433AD277ABE7F003C80E4 /* Bookworm.xcdatamodeld in Sources */ = {isa = PBXBuildFile; fileRef = 98A433AB277ABE7F003C80E4 /* Bookworm.xcdatamodeld */; };
		98A433AF277ABED1003C80E4 /* DataController.swift in Sources */ = {isa = PBXBuildFile; fileRef = 98A433AE277ABED1003C80E4 /* DataController.swift */; };
		98A433B1277AC3D1003C80E4 /* AddBookView.swift in Sources */ = {isa = PBXBuildFile; fileRef = 98A433B0277AC3D1003C80E4 /* AddBookView.swift */; };
		98A433B3277AC7A5003C80E4 /* RatingView.swift in Sources */ = {isa = PBXBuildFile; fileRef = 98A433B2277AC7A5003C80E4 /* RatingView.swift */; };
		98A433B5277ACD30003C80E4 /* EmojiRatingView.swift in Sources */ = {isa = PBXBuildFile; fileRef = 98A433B4277ACD30003C80E4 /* EmojiRatingView.swift */; };
		98A433B7277ACEFD003C80E4 /* DetailView.swift in Sources */ = {isa = PBXBuildFile; fileRef = 98A433B6277ACEFD003C80E4 /* DetailView.swift */; };
/* End PBXBuildFile section */

/* Begin PBXFileReference section */
		98A43395277A8104003C80E4 /* Bookworm.app */ = {isa = PBXFileReference; explicitFileType = wrapper.application; includeInIndex = 0; path = Bookworm.app; sourceTree = BUILT_PRODUCTS_DIR; };
		98A43398277A8104003C80E4 /* BookwormApp.swift */ = {isa = PBXFileReference; lastKnownFileType = sourcecode.swift; path = BookwormApp.swift; sourceTree = "<group>"; };
		98A4339A277A8104003C80E4 /* ContentView.swift */ = {isa = PBXFileReference; lastKnownFileType = sourcecode.swift; path = ContentView.swift; sourceTree = "<group>"; };
		98A4339C277A8106003C80E4 /* Assets.xcassets */ = {isa = PBXFileReference; lastKnownFileType = folder.assetcatalog; path = Assets.xcassets; sourceTree = "<group>"; };
		98A4339F277A8106003C80E4 /* Preview Assets.xcassets */ = {isa = PBXFileReference; lastKnownFileType = folder.assetcatalog; path = "Preview Assets.xcassets"; sourceTree = "<group>"; };
		98A433A6277ABB81003C80E4 /* BindingVeiw.swift */ = {isa = PBXFileReference; lastKnownFileType = sourcecode.swift; path = BindingVeiw.swift; sourceTree = "<group>"; };
		98A433A9277ABD32003C80E4 /* MultiLineView.swift */ = {isa = PBXFileReference; lastKnownFileType = sourcecode.swift; path = MultiLineView.swift; sourceTree = "<group>"; };
		98A433AC277ABE7F003C80E4 /* Bookworm.xcdatamodel */ = {isa = PBXFileReference; lastKnownFileType = wrapper.xcdatamodel; path = Bookworm.xcdatamodel; sourceTree = "<group>"; };
		98A433AE277ABED1003C80E4 /* DataController.swift */ = {isa = PBXFileReference; lastKnownFileType = sourcecode.swift; path = DataController.swift; sourceTree = "<group>"; };
		98A433B0277AC3D1003C80E4 /* AddBookView.swift */ = {isa = PBXFileReference; lastKnownFileType = sourcecode.swift; path = AddBookView.swift; sourceTree = "<group>"; };
		98A433B2277AC7A5003C80E4 /* RatingView.swift */ = {isa = PBXFileReference; lastKnownFileType = sourcecode.swift; path = RatingView.swift; sourceTree = "<group>"; };
		98A433B4277ACD30003C80E4 /* EmojiRatingView.swift */ = {isa = PBXFileReference; lastKnownFileType = sourcecode.swift; path = EmojiRatingView.swift; sourceTree = "<group>"; };
		98A433B6277ACEFD003C80E4 /* DetailView.swift */ = {isa = PBXFileReference; lastKnownFileType = sourcecode.swift; path = DetailView.swift; sourceTree = "<group>"; };
/* End PBXFileReference section */

/* Begin PBXFrameworksBuildPhase section */
		98A43392277A8104003C80E4 /* Frameworks */ = {
			isa = PBXFrameworksBuildPhase;
			buildActionMask = 2147483647;
			files = (
			);
			runOnlyForDeploymentPostprocessing = 0;
		};
/* End PBXFrameworksBuildPhase section */

/* Begin PBXGroup section */
		98A4338C277A8104003C80E4 = {
			isa = PBXGroup;
			children = (
				98A43397277A8104003C80E4 /* Bookworm */,
				98A43396277A8104003C80E4 /* Products */,
			);
			sourceTree = "<group>";
		};
		98A43396277A8104003C80E4 /* Products */ = {
			isa = PBXGroup;
			children = (
				98A43395277A8104003C80E4 /* Bookworm.app */,
			);
			name = Products;
			sourceTree = "<group>";
		};
		98A43397277A8104003C80E4 /* Bookworm */ = {
			isa = PBXGroup;
			children = (
				98A433B0277AC3D1003C80E4 /* AddBookView.swift */,
				98A4339C277A8106003C80E4 /* Assets.xcassets */,
				98A433AB277ABE7F003C80E4 /* Bookworm.xcdatamodeld */,
				98A43398277A8104003C80E4 /* BookwormApp.swift */,
				98A4339A277A8104003C80E4 /* ContentView.swift */,
				98A433AE277ABED1003C80E4 /* DataController.swift */,
				98A433B6277ACEFD003C80E4 /* DetailView.swift */,
				98A433B4277ACD30003C80E4 /* EmojiRatingView.swift */,
				98A433A8277ABB85003C80E4 /* Learning */,
				98A4339E277A8106003C80E4 /* Preview Content */,
				98A433B2277AC7A5003C80E4 /* RatingView.swift */,
			);
			path = Bookworm;
			sourceTree = "<group>";
		};
		98A4339E277A8106003C80E4 /* Preview Content */ = {
			isa = PBXGroup;
			children = (
				98A4339F277A8106003C80E4 /* Preview Assets.xcassets */,
			);
			path = "Preview Content";
			sourceTree = "<group>";
		};
		98A433A8277ABB85003C80E4 /* Learning */ = {
			isa = PBXGroup;
			children = (
				98A433A6277ABB81003C80E4 /* BindingVeiw.swift */,
				98A433A9277ABD32003C80E4 /* MultiLineView.swift */,
			);
			path = Learning;
			sourceTree = "<group>";
		};
/* End PBXGroup section */

/* Begin PBXNativeTarget section */
		98A43394277A8104003C80E4 /* Bookworm */ = {
			isa = PBXNativeTarget;
			buildConfigurationList = 98A433A3277A8106003C80E4 /* Build configuration list for PBXNativeTarget "Bookworm" */;
			buildPhases = (
				98A43391277A8104003C80E4 /* Sources */,
				98A43392277A8104003C80E4 /* Frameworks */,
				98A43393277A8104003C80E4 /* Resources */,
			);
			buildRules = (
			);
			dependencies = (
			);
			name = Bookworm;
			productName = Bookworm;
			productReference = 98A43395277A8104003C80E4 /* Bookworm.app */;
			productType = "com.apple.product-type.application";
		};
/* End PBXNativeTarget section */

/* Begin PBXProject section */
		98A4338D277A8104003C80E4 /* Project object */ = {
			isa = PBXProject;
			attributes = {
				BuildIndependentTargetsInParallel = 1;
				LastSwiftUpdateCheck = 1310;
				LastUpgradeCheck = 1310;
				TargetAttributes = {
					98A43394277A8104003C80E4 = {
						CreatedOnToolsVersion = 13.1;
					};
				};
			};
			buildConfigurationList = 98A43390277A8104003C80E4 /* Build configuration list for PBXProject "Bookworm" */;
			compatibilityVersion = "Xcode 13.0";
			developmentRegion = en;
			hasScannedForEncodings = 0;
			knownRegions = (
				en,
				Base,
			);
			mainGroup = 98A4338C277A8104003C80E4;
			productRefGroup = 98A43396277A8104003C80E4 /* Products */;
			projectDirPath = "";
			projectRoot = "";
			targets = (
				98A43394277A8104003C80E4 /* Bookworm */,
			);
		};
/* End PBXProject section */

/* Begin PBXResourcesBuildPhase section */
		98A43393277A8104003C80E4 /* Resources */ = {
			isa = PBXResourcesBuildPhase;
			buildActionMask = 2147483647;
			files = (
				98A433A0277A8106003C80E4 /* Preview Assets.xcassets in Resources */,
				98A4339D277A8106003C80E4 /* Assets.xcassets in Resources */,
			);
			runOnlyForDeploymentPostprocessing = 0;
		};
/* End PBXResourcesBuildPhase section */

/* Begin PBXSourcesBuildPhase section */
		98A43391277A8104003C80E4 /* Sources */ = {
			isa = PBXSourcesBuildPhase;
			buildActionMask = 2147483647;
			files = (
				98A433B1277AC3D1003C80E4 /* AddBookView.swift in Sources */,
				98A433AA277ABD32003C80E4 /* MultiLineView.swift in Sources */,
				98A4339B277A8104003C80E4 /* ContentView.swift in Sources */,
				98A433B7277ACEFD003C80E4 /* DetailView.swift in Sources */,
				98A433B3277AC7A5003C80E4 /* RatingView.swift in Sources */,
				98A43399277A8104003C80E4 /* BookwormApp.swift in Sources */,
				98A433A7277ABB81003C80E4 /* BindingVeiw.swift in Sources */,
				98A433AF277ABED1003C80E4 /* DataController.swift in Sources */,
				98A433B5277ACD30003C80E4 /* EmojiRatingView.swift in Sources */,
				98A433AD277ABE7F003C80E4 /* Bookworm.xcdatamodeld in Sources */,
			);
			runOnlyForDeploymentPostprocessing = 0;
		};
/* End PBXSourcesBuildPhase section */

/* Begin XCBuildConfiguration section */
		98A433A1277A8106003C80E4 /* Debug */ = {
			isa = XCBuildConfiguration;
			buildSettings = {
				ALWAYS_SEARCH_USER_PATHS = NO;
				CLANG_ANALYZER_NONNULL = YES;
				CLANG_ANALYZER_NUMBER_OBJECT_CONVERSION = YES_AGGRESSIVE;
				CLANG_CXX_LANGUAGE_STANDARD = "gnu++17";
				CLANG_CXX_LIBRARY = "libc++";
				CLANG_ENABLE_MODULES = YES;
				CLANG_ENABLE_OBJC_ARC = YES;
				CLANG_ENABLE_OBJC_WEAK = YES;
				CLANG_WARN_BLOCK_CAPTURE_AUTORELEASING = YES;
				CLANG_WARN_BOOL_CONVERSION = YES;
				CLANG_WARN_COMMA = YES;
				CLANG_WARN_CONSTANT_CONVERSION = YES;
				CLANG_WARN_DEPRECATED_OBJC_IMPLEMENTATIONS = YES;
				CLANG_WARN_DIRECT_OBJC_ISA_USAGE = YES_ERROR;
				CLANG_WARN_DOCUMENTATION_COMMENTS = YES;
				CLANG_WARN_EMPTY_BODY = YES;
				CLANG_WARN_ENUM_CONVERSION = YES;
				CLANG_WARN_INFINITE_RECURSION = YES;
				CLANG_WARN_INT_CONVERSION = YES;
				CLANG_WARN_NON_LITERAL_NULL_CONVERSION = YES;
				CLANG_WARN_OBJC_IMPLICIT_RETAIN_SELF = YES;
				CLANG_WARN_OBJC_LITERAL_CONVERSION = YES;
				CLANG_WARN_OBJC_ROOT_CLASS = YES_ERROR;
				CLANG_WARN_QUOTED_INCLUDE_IN_FRAMEWORK_HEADER = YES;
				CLANG_WARN_RANGE_LOOP_ANALYSIS = YES;
				CLANG_WARN_STRICT_PROTOTYPES = YES;
				CLANG_WARN_SUSPICIOUS_MOVE = YES;
				CLANG_WARN_UNGUARDED_AVAILABILITY = YES_AGGRESSIVE;
				CLANG_WARN_UNREACHABLE_CODE = YES;
				CLANG_WARN__DUPLICATE_METHOD_MATCH = YES;
				COPY_PHASE_STRIP = NO;
				DEBUG_INFORMATION_FORMAT = dwarf;
				ENABLE_STRICT_OBJC_MSGSEND = YES;
				ENABLE_TESTABILITY = YES;
				GCC_C_LANGUAGE_STANDARD = gnu11;
				GCC_DYNAMIC_NO_PIC = NO;
				GCC_NO_COMMON_BLOCKS = YES;
				GCC_OPTIMIZATION_LEVEL = 0;
				GCC_PREPROCESSOR_DEFINITIONS = (
					"DEBUG=1",
					"$(inherited)",
				);
				GCC_WARN_64_TO_32_BIT_CONVERSION = YES;
				GCC_WARN_ABOUT_RETURN_TYPE = YES_ERROR;
				GCC_WARN_UNDECLARED_SELECTOR = YES;
				GCC_WARN_UNINITIALIZED_AUTOS = YES_AGGRESSIVE;
				GCC_WARN_UNUSED_FUNCTION = YES;
				GCC_WARN_UNUSED_VARIABLE = YES;
				IPHONEOS_DEPLOYMENT_TARGET = 15.0;
				MTL_ENABLE_DEBUG_INFO = INCLUDE_SOURCE;
				MTL_FAST_MATH = YES;
				ONLY_ACTIVE_ARCH = YES;
				SDKROOT = iphoneos;
				SWIFT_ACTIVE_COMPILATION_CONDITIONS = DEBUG;
				SWIFT_OPTIMIZATION_LEVEL = "-Onone";
			};
			name = Debug;
		};
		98A433A2277A8106003C80E4 /* Release */ = {
			isa = XCBuildConfiguration;
			buildSettings = {
				ALWAYS_SEARCH_USER_PATHS = NO;
				CLANG_ANALYZER_NONNULL = YES;
				CLANG_ANALYZER_NUMBER_OBJECT_CONVERSION = YES_AGGRESSIVE;
				CLANG_CXX_LANGUAGE_STANDARD = "gnu++17";
				CLANG_CXX_LIBRARY = "libc++";
				CLANG_ENABLE_MODULES = YES;
				CLANG_ENABLE_OBJC_ARC = YES;
				CLANG_ENABLE_OBJC_WEAK = YES;
				CLANG_WARN_BLOCK_CAPTURE_AUTORELEASING = YES;
				CLANG_WARN_BOOL_CONVERSION = YES;
				CLANG_WARN_COMMA = YES;
				CLANG_WARN_CONSTANT_CONVERSION = YES;
				CLANG_WARN_DEPRECATED_OBJC_IMPLEMENTATIONS = YES;
				CLANG_WARN_DIRECT_OBJC_ISA_USAGE = YES_ERROR;
				CLANG_WARN_DOCUMENTATION_COMMENTS = YES;
				CLANG_WARN_EMPTY_BODY = YES;
				CLANG_WARN_ENUM_CONVERSION = YES;
				CLANG_WARN_INFINITE_RECURSION = YES;
				CLANG_WARN_INT_CONVERSION = YES;
				CLANG_WARN_NON_LITERAL_NULL_CONVERSION = YES;
				CLANG_WARN_OBJC_IMPLICIT_RETAIN_SELF = YES;
				CLANG_WARN_OBJC_LITERAL_CONVERSION = YES;
				CLANG_WARN_OBJC_ROOT_CLASS = YES_ERROR;
				CLANG_WARN_QUOTED_INCLUDE_IN_FRAMEWORK_HEADER = YES;
				CLANG_WARN_RANGE_LOOP_ANALYSIS = YES;
				CLANG_WARN_STRICT_PROTOTYPES = YES;
				CLANG_WARN_SUSPICIOUS_MOVE = YES;
				CLANG_WARN_UNGUARDED_AVAILABILITY = YES_AGGRESSIVE;
				CLANG_WARN_UNREACHABLE_CODE = YES;
				CLANG_WARN__DUPLICATE_METHOD_MATCH = YES;
				COPY_PHASE_STRIP = NO;
				DEBUG_INFORMATION_FORMAT = "dwarf-with-dsym";
				ENABLE_NS_ASSERTIONS = NO;
				ENABLE_STRICT_OBJC_MSGSEND = YES;
				GCC_C_LANGUAGE_STANDARD = gnu11;
				GCC_NO_COMMON_BLOCKS = YES;
				GCC_WARN_64_TO_32_BIT_CONVERSION = YES;
				GCC_WARN_ABOUT_RETURN_TYPE = YES_ERROR;
				GCC_WARN_UNDECLARED_SELECTOR = YES;
				GCC_WARN_UNINITIALIZED_AUTOS = YES_AGGRESSIVE;
				GCC_WARN_UNUSED_FUNCTION = YES;
				GCC_WARN_UNUSED_VARIABLE = YES;
				IPHONEOS_DEPLOYMENT_TARGET = 15.0;
				MTL_ENABLE_DEBUG_INFO = NO;
				MTL_FAST_MATH = YES;
				SDKROOT = iphoneos;
				SWIFT_COMPILATION_MODE = wholemodule;
				SWIFT_OPTIMIZATION_LEVEL = "-O";
				VALIDATE_PRODUCT = YES;
			};
			name = Release;
		};
		98A433A4277A8106003C80E4 /* Debug */ = {
			isa = XCBuildConfiguration;
			buildSettings = {
				ASSETCATALOG_COMPILER_APPICON_NAME = AppIcon;
				ASSETCATALOG_COMPILER_GLOBAL_ACCENT_COLOR_NAME = AccentColor;
				CODE_SIGN_STYLE = Automatic;
				CURRENT_PROJECT_VERSION = 1;
				DEVELOPMENT_ASSET_PATHS = "\"Bookworm/Preview Content\"";
				DEVELOPMENT_TEAM = TDL4PT97XP;
				ENABLE_PREVIEWS = YES;
				GENERATE_INFOPLIST_FILE = YES;
				INFOPLIST_KEY_UIApplicationSceneManifest_Generation = YES;
				INFOPLIST_KEY_UIApplicationSupportsIndirectInputEvents = YES;
				INFOPLIST_KEY_UILaunchScreen_Generation = YES;
				INFOPLIST_KEY_UISupportedInterfaceOrientations_iPad = "UIInterfaceOrientationPortrait UIInterfaceOrientationPortraitUpsideDown UIInterfaceOrientationLandscapeLeft UIInterfaceOrientationLandscapeRight";
				INFOPLIST_KEY_UISupportedInterfaceOrientations_iPhone = "UIInterfaceOrientationPortrait UIInterfaceOrientationLandscapeLeft UIInterfaceOrientationLandscapeRight";
				LD_RUNPATH_SEARCH_PATHS = (
					"$(inherited)",
					"@executable_path/Frameworks",
				);
				MARKETING_VERSION = 1.0;
				PRODUCT_BUNDLE_IDENTIFIER = com.github.lrkhan.Bookworm;
				PRODUCT_NAME = "$(TARGET_NAME)";
				SWIFT_EMIT_LOC_STRINGS = YES;
				SWIFT_VERSION = 5.0;
				TARGETED_DEVICE_FAMILY = "1,2";
			};
			name = Debug;
		};
		98A433A5277A8106003C80E4 /* Release */ = {
			isa = XCBuildConfiguration;
			buildSettings = {
				ASSETCATALOG_COMPILER_APPICON_NAME = AppIcon;
				ASSETCATALOG_COMPILER_GLOBAL_ACCENT_COLOR_NAME = AccentColor;
				CODE_SIGN_STYLE = Automatic;
				CURRENT_PROJECT_VERSION = 1;
				DEVELOPMENT_ASSET_PATHS = "\"Bookworm/Preview Content\"";
				DEVELOPMENT_TEAM = TDL4PT97XP;
				ENABLE_PREVIEWS = YES;
				GENERATE_INFOPLIST_FILE = YES;
				INFOPLIST_KEY_UIApplicationSceneManifest_Generation = YES;
				INFOPLIST_KEY_UIApplicationSupportsIndirectInputEvents = YES;
				INFOPLIST_KEY_UILaunchScreen_Generation = YES;
				INFOPLIST_KEY_UISupportedInterfaceOrientations_iPad = "UIInterfaceOrientationPortrait UIInterfaceOrientationPortraitUpsideDown UIInterfaceOrientationLandscapeLeft UIInterfaceOrientationLandscapeRight";
				INFOPLIST_KEY_UISupportedInterfaceOrientations_iPhone = "UIInterfaceOrientationPortrait UIInterfaceOrientationLandscapeLeft UIInterfaceOrientationLandscapeRight";
				LD_RUNPATH_SEARCH_PATHS = (
					"$(inherited)",
					"@executable_path/Frameworks",
				);
				MARKETING_VERSION = 1.0;
				PRODUCT_BUNDLE_IDENTIFIER = com.github.lrkhan.Bookworm;
				PRODUCT_NAME = "$(TARGET_NAME)";
				SWIFT_EMIT_LOC_STRINGS = YES;
				SWIFT_VERSION = 5.0;
				TARGETED_DEVICE_FAMILY = "1,2";
			};
			name = Release;
		};
/* End XCBuildConfiguration section */

/* Begin XCConfigurationList section */
		98A43390277A8104003C80E4 /* Build configuration list for PBXProject "Bookworm" */ = {
			isa = XCConfigurationList;
			buildConfigurations = (
				98A433A1277A8106003C80E4 /* Debug */,
				98A433A2277A8106003C80E4 /* Release */,
			);
			defaultConfigurationIsVisible = 0;
			defaultConfigurationName = Release;
		};
		98A433A3277A8106003C80E4 /* Build configuration list for PBXNativeTarget "Bookworm" */ = {
			isa = XCConfigurationList;
			buildConfigurations = (
				98A433A4277A8106003C80E4 /* Debug */,
				98A433A5277A8106003C80E4 /* Release */,
			);
			defaultConfigurationIsVisible = 0;
			defaultConfigurationName = Release;
		};
/* End XCConfigurationList section */

/* Begin XCVersionGroup section */
		98A433AB277ABE7F003C80E4 /* Bookworm.xcdatamodeld */ = {
			isa = XCVersionGroup;
			children = (
				98A433AC277ABE7F003C80E4 /* Bookworm.xcdatamodel */,
			);
			currentVersion = 98A433AC277ABE7F003C80E4 /* Bookworm.xcdatamodel */;
			path = Bookworm.xcdatamodeld;
			sourceTree = "<group>";
			versionGroupType = wrapper.xcdatamodel;
		};
/* End XCVersionGroup section */
	};
	rootObject = 98A4338D277A8104003C80E4 /* Project object */;
}
